
Microsoft Visual Studio Solution File, Format Version 12.00
# Visual Studio Version 17
VisualStudioVersion = 17.9.34616.47
MinimumVisualStudioVersion = 10.0.40219.1
Project("{9A19103F-16F7-4668-BE54-9A1E7A4F7556}") = "OzzaimAhsapMVC", "OzzaimAhsapMVC\OzzaimAhsapMVC.csproj", "{4CBB71D9-2953-47DC-BE7D-C4B01583F556}"
EndProject
Global
	GlobalSection(SolutionConfigurationPlatforms) = preSolution
		Debug|Any CPU = Debug|Any CPU
		Release|Any CPU = Release|Any CPU
	EndGlobalSection
	GlobalSection(ProjectConfigurationPlatforms) = postSolution
		{4CBB71D9-2953-47DC-BE7D-C4B01583F556}.Debug|Any CPU.ActiveCfg = Debug|Any CPU
		{4CBB71D9-2953-47DC-BE7D-C4B01583F556}.Debug|Any CPU.Build.0 = Debug|Any CPU
		{4CBB71D9-2953-47DC-BE7D-C4B01583F556}.Release|Any CPU.ActiveCfg = Release|Any CPU
		{4CBB71D9-2953-47DC-BE7D-C4B01583F556}.Release|Any CPU.Build.0 = Release|Any CPU
	EndGlobalSection
	GlobalSection(SolutionProperties) = preSolution
		HideSolutionNode = FALSE
	EndGlobalSection
	GlobalSection(ExtensibilityGlobals) = postSolution
		SolutionGuid = {2DBF08E0-2A5F-440D-A0D8-28B7D0511838}
	EndGlobalSection
EndGlobal
